
Microsoft Visual Studio Solution File, Format Version 12.00
# Visual Studio Version 17
VisualStudioVersion = 17.0.31903.59
MinimumVisualStudioVersion = 10.0.40219.1
Project("{2150E333-8FDC-42A3-9474-1A3956D46DE8}") = "src", "src", "{8B90D5A0-B04D-4009-8B74-5B8B1A268939}"
EndProject
Project("{2150E333-8FDC-42A3-9474-1A3956D46DE8}") = "apps", "apps", "{B70B3187-746B-4DC3-8C45-D66CFF5AA2DF}"
EndProject
Project("{FAE04EC0-301F-11D3-BF4B-00C04F79EFBC}") = "Overview", "src\apps\Overview\Overview.csproj", "{D49CBD0C-0D46-4BC6-AABA-6DB901F258BC}"
EndProject
Global
	GlobalSection(SolutionConfigurationPlatforms) = preSolution
		Debug|Any CPU = Debug|Any CPU
		Release|Any CPU = Release|Any CPU
	EndGlobalSection
	GlobalSection(SolutionProperties) = preSolution
		HideSolutionNode = FALSE
	EndGlobalSection
	GlobalSection(ProjectConfigurationPlatforms) = postSolution
		{D49CBD0C-0D46-4BC6-AABA-6DB901F258BC}.Debug|Any CPU.ActiveCfg = Debug|Any CPU
		{D49CBD0C-0D46-4BC6-AABA-6DB901F258BC}.Debug|Any CPU.Build.0 = Debug|Any CPU
		{D49CBD0C-0D46-4BC6-AABA-6DB901F258BC}.Release|Any CPU.ActiveCfg = Release|Any CPU
		{D49CBD0C-0D46-4BC6-AABA-6DB901F258BC}.Release|Any CPU.Build.0 = Release|Any CPU
	EndGlobalSection
	GlobalSection(NestedProjects) = preSolution
		{B70B3187-746B-4DC3-8C45-D66CFF5AA2DF} = {8B90D5A0-B04D-4009-8B74-5B8B1A268939}
		{D49CBD0C-0D46-4BC6-AABA-6DB901F258BC} = {B70B3187-746B-4DC3-8C45-D66CFF5AA2DF}
	EndGlobalSection
EndGlobal
