
Microsoft Visual Studio Solution File, Format Version 12.00
# Visual Studio Version 17
VisualStudioVersion = 17.0.31903.59
MinimumVisualStudioVersion = 10.0.40219.1
Project("{2150E333-8FDC-42A3-9474-1A3956D46DE8}") = "src", "src", "{8B90D5A0-B04D-4009-8B74-5B8B1A268939}"
EndProject
Project("{2150E333-8FDC-42A3-9474-1A3956D46DE8}") = "apps", "apps", "{B70B3187-746B-4DC3-8C45-D66CFF5AA2DF}"
EndProject
Project("{FAE04EC0-301F-11D3-BF4B-00C04F79EFBC}") = "Overview", "src\apps\Overview\Overview.csproj", "{D49CBD0C-0D46-4BC6-AABA-6DB901F258BC}"
EndProject
Project("{2150E333-8FDC-42A3-9474-1A3956D46DE8}") = "common", "common", "{1505FBA1-94D5-4938-B0D0-EEBD99BECE15}"
EndProject
Project("{FAE04EC0-301F-11D3-BF4B-00C04F79EFBC}") = "Linux", "src\common\Linux\Linux.csproj", "{60AE76B1-0C9B-4206-9058-74AC7FC11FBB}"
EndProject
Project("{FAE04EC0-301F-11D3-BF4B-00C04F79EFBC}") = "FileBackup", "src\apps\FileBackup\FileBackup.csproj", "{59F140E4-E6F4-4CF8-85B9-BB40C662E0F6}"
EndProject
Project("{FAE04EC0-301F-11D3-BF4B-00C04F79EFBC}") = "FileScan", "src\apps\FileScan\FileScan.csproj", "{9A2A8A46-7E94-458E-B123-C8AC2035933E}"
EndProject
Project("{FAE04EC0-301F-11D3-BF4B-00C04F79EFBC}") = "PictureCleanup", "src\apps\PictureCleanup\PictureCleanup.csproj", "{3B4E41B4-24DF-4B99-9E3E-976858F4C35E}"
EndProject
Project("{FAE04EC0-301F-11D3-BF4B-00C04F79EFBC}") = "PackageHandler", "src\apps\PackageHandler\PackageHandler.csproj", "{3E22C9D6-6F42-4BCC-9E54-8409140CE59E}"
EndProject
Global
	GlobalSection(SolutionConfigurationPlatforms) = preSolution
		Debug|Any CPU = Debug|Any CPU
		Release|Any CPU = Release|Any CPU
	EndGlobalSection
	GlobalSection(SolutionProperties) = preSolution
		HideSolutionNode = FALSE
	EndGlobalSection
	GlobalSection(ProjectConfigurationPlatforms) = postSolution
		{D49CBD0C-0D46-4BC6-AABA-6DB901F258BC}.Debug|Any CPU.ActiveCfg = Debug|Any CPU
		{D49CBD0C-0D46-4BC6-AABA-6DB901F258BC}.Debug|Any CPU.Build.0 = Debug|Any CPU
		{D49CBD0C-0D46-4BC6-AABA-6DB901F258BC}.Release|Any CPU.ActiveCfg = Release|Any CPU
		{D49CBD0C-0D46-4BC6-AABA-6DB901F258BC}.Release|Any CPU.Build.0 = Release|Any CPU
		{60AE76B1-0C9B-4206-9058-74AC7FC11FBB}.Debug|Any CPU.ActiveCfg = Debug|Any CPU
		{60AE76B1-0C9B-4206-9058-74AC7FC11FBB}.Debug|Any CPU.Build.0 = Debug|Any CPU
		{60AE76B1-0C9B-4206-9058-74AC7FC11FBB}.Release|Any CPU.ActiveCfg = Release|Any CPU
		{60AE76B1-0C9B-4206-9058-74AC7FC11FBB}.Release|Any CPU.Build.0 = Release|Any CPU
		{59F140E4-E6F4-4CF8-85B9-BB40C662E0F6}.Debug|Any CPU.ActiveCfg = Debug|Any CPU
		{59F140E4-E6F4-4CF8-85B9-BB40C662E0F6}.Debug|Any CPU.Build.0 = Debug|Any CPU
		{59F140E4-E6F4-4CF8-85B9-BB40C662E0F6}.Release|Any CPU.ActiveCfg = Release|Any CPU
		{59F140E4-E6F4-4CF8-85B9-BB40C662E0F6}.Release|Any CPU.Build.0 = Release|Any CPU
		{9A2A8A46-7E94-458E-B123-C8AC2035933E}.Debug|Any CPU.ActiveCfg = Debug|Any CPU
		{9A2A8A46-7E94-458E-B123-C8AC2035933E}.Debug|Any CPU.Build.0 = Debug|Any CPU
		{9A2A8A46-7E94-458E-B123-C8AC2035933E}.Release|Any CPU.ActiveCfg = Release|Any CPU
		{9A2A8A46-7E94-458E-B123-C8AC2035933E}.Release|Any CPU.Build.0 = Release|Any CPU
		{3B4E41B4-24DF-4B99-9E3E-976858F4C35E}.Debug|Any CPU.ActiveCfg = Debug|Any CPU
		{3B4E41B4-24DF-4B99-9E3E-976858F4C35E}.Debug|Any CPU.Build.0 = Debug|Any CPU
		{3B4E41B4-24DF-4B99-9E3E-976858F4C35E}.Release|Any CPU.ActiveCfg = Release|Any CPU
		{3B4E41B4-24DF-4B99-9E3E-976858F4C35E}.Release|Any CPU.Build.0 = Release|Any CPU
		{3E22C9D6-6F42-4BCC-9E54-8409140CE59E}.Debug|Any CPU.ActiveCfg = Debug|Any CPU
		{3E22C9D6-6F42-4BCC-9E54-8409140CE59E}.Debug|Any CPU.Build.0 = Debug|Any CPU
		{3E22C9D6-6F42-4BCC-9E54-8409140CE59E}.Release|Any CPU.ActiveCfg = Release|Any CPU
		{3E22C9D6-6F42-4BCC-9E54-8409140CE59E}.Release|Any CPU.Build.0 = Release|Any CPU
	EndGlobalSection
	GlobalSection(NestedProjects) = preSolution
		{B70B3187-746B-4DC3-8C45-D66CFF5AA2DF} = {8B90D5A0-B04D-4009-8B74-5B8B1A268939}
		{D49CBD0C-0D46-4BC6-AABA-6DB901F258BC} = {B70B3187-746B-4DC3-8C45-D66CFF5AA2DF}
		{1505FBA1-94D5-4938-B0D0-EEBD99BECE15} = {8B90D5A0-B04D-4009-8B74-5B8B1A268939}
		{60AE76B1-0C9B-4206-9058-74AC7FC11FBB} = {1505FBA1-94D5-4938-B0D0-EEBD99BECE15}
		{59F140E4-E6F4-4CF8-85B9-BB40C662E0F6} = {B70B3187-746B-4DC3-8C45-D66CFF5AA2DF}
		{9A2A8A46-7E94-458E-B123-C8AC2035933E} = {B70B3187-746B-4DC3-8C45-D66CFF5AA2DF}
		{3B4E41B4-24DF-4B99-9E3E-976858F4C35E} = {B70B3187-746B-4DC3-8C45-D66CFF5AA2DF}
		{3E22C9D6-6F42-4BCC-9E54-8409140CE59E} = {B70B3187-746B-4DC3-8C45-D66CFF5AA2DF}
	EndGlobalSection
EndGlobal
